
Microsoft Visual Studio Solution File, Format Version 12.00
# Visual Studio Version 16
VisualStudioVersion = 16.0.28803.452
MinimumVisualStudioVersion = 10.0.40219.1
Project("{FAE04EC0-301F-11D3-BF4B-00C04F79EFBC}") = "Calculator", "Calculator\Calculator.csproj", "{D4BB24DE-F137-41C0-AC5E-C6DDECC3D603}"
EndProject
Project("{FAE04EC0-301F-11D3-BF4B-00C04F79EFBC}") = "CalculatorTests", "CalculatorTests\CalculatorTests.csproj", "{CB87EC73-7107-429C-BC00-9689F9EEC7D7}"
EndProject
Project("{54435603-DBB4-11D2-8724-00A0C9A8B90C}") = "Calculator.Setup", "Calculator.Setup\Calculator.Setup.vdproj", "{7BD2FC9C-A9C7-4FE8-9C77-4C34870CFEC9}"
EndProject
Global
	GlobalSection(SolutionConfigurationPlatforms) = preSolution
		Debug|Any CPU = Debug|Any CPU
		Debug|x64 = Debug|x64
		Release|Any CPU = Release|Any CPU
		Release|x64 = Release|x64
	EndGlobalSection
	GlobalSection(ProjectConfigurationPlatforms) = postSolution
		{D4BB24DE-F137-41C0-AC5E-C6DDECC3D603}.Debug|Any CPU.ActiveCfg = Debug|Any CPU
		{D4BB24DE-F137-41C0-AC5E-C6DDECC3D603}.Debug|Any CPU.Build.0 = Debug|Any CPU
		{D4BB24DE-F137-41C0-AC5E-C6DDECC3D603}.Debug|x64.ActiveCfg = Debug|x64
		{D4BB24DE-F137-41C0-AC5E-C6DDECC3D603}.Debug|x64.Build.0 = Debug|x64
		{D4BB24DE-F137-41C0-AC5E-C6DDECC3D603}.Release|Any CPU.ActiveCfg = Release|Any CPU
		{D4BB24DE-F137-41C0-AC5E-C6DDECC3D603}.Release|Any CPU.Build.0 = Release|Any CPU
		{D4BB24DE-F137-41C0-AC5E-C6DDECC3D603}.Release|x64.ActiveCfg = Release|x64
		{D4BB24DE-F137-41C0-AC5E-C6DDECC3D603}.Release|x64.Build.0 = Release|x64
		{CB87EC73-7107-429C-BC00-9689F9EEC7D7}.Debug|Any CPU.ActiveCfg = Debug|Any CPU
		{CB87EC73-7107-429C-BC00-9689F9EEC7D7}.Debug|Any CPU.Build.0 = Debug|Any CPU
		{CB87EC73-7107-429C-BC00-9689F9EEC7D7}.Debug|x64.ActiveCfg = Debug|Any CPU
		{CB87EC73-7107-429C-BC00-9689F9EEC7D7}.Debug|x64.Build.0 = Debug|Any CPU
		{CB87EC73-7107-429C-BC00-9689F9EEC7D7}.Release|Any CPU.ActiveCfg = Release|Any CPU
		{CB87EC73-7107-429C-BC00-9689F9EEC7D7}.Release|Any CPU.Build.0 = Release|Any CPU
		{CB87EC73-7107-429C-BC00-9689F9EEC7D7}.Release|x64.ActiveCfg = Release|Any CPU
		{CB87EC73-7107-429C-BC00-9689F9EEC7D7}.Release|x64.Build.0 = Release|Any CPU
		{7BD2FC9C-A9C7-4FE8-9C77-4C34870CFEC9}.Debug|Any CPU.ActiveCfg = Debug
		{7BD2FC9C-A9C7-4FE8-9C77-4C34870CFEC9}.Debug|x64.ActiveCfg = Debug
		{7BD2FC9C-A9C7-4FE8-9C77-4C34870CFEC9}.Debug|x64.Build.0 = Debug
		{7BD2FC9C-A9C7-4FE8-9C77-4C34870CFEC9}.Release|Any CPU.ActiveCfg = Release
		{7BD2FC9C-A9C7-4FE8-9C77-4C34870CFEC9}.Release|x64.ActiveCfg = Release
		{7BD2FC9C-A9C7-4FE8-9C77-4C34870CFEC9}.Release|x64.Build.0 = Release
	EndGlobalSection
	GlobalSection(SolutionProperties) = preSolution
		HideSolutionNode = FALSE
	EndGlobalSection
	GlobalSection(ExtensibilityGlobals) = postSolution
		SolutionGuid = {16407CF1-2A19-45A8-9A46-ABE4B2430D89}
	EndGlobalSection
EndGlobal
